// !$*UTF8*$!
{
	archiveVersion = 1;
	classes = {
	};
	objectVersion = 55;
	objects = {

/* Begin PBXBuildFile section */
		FAE6A361288C8ED400D2578C /* AppDelegate.swift in Sources */ = {isa = PBXBuildFile; fileRef = FAE6A360288C8ED400D2578C /* AppDelegate.swift */; };
		FAE6A363288C8ED400D2578C /* SceneDelegate.swift in Sources */ = {isa = PBXBuildFile; fileRef = FAE6A362288C8ED400D2578C /* SceneDelegate.swift */; };
		FAE6A365288C8ED400D2578C /* ViewController.swift in Sources */ = {isa = PBXBuildFile; fileRef = FAE6A364288C8ED400D2578C /* ViewController.swift */; };
		FAE6A368288C8ED400D2578C /* Main.storyboard in Resources */ = {isa = PBXBuildFile; fileRef = FAE6A366288C8ED400D2578C /* Main.storyboard */; };
		FAE6A36A288C8ED500D2578C /* Assets.xcassets in Resources */ = {isa = PBXBuildFile; fileRef = FAE6A369288C8ED500D2578C /* Assets.xcassets */; };
		FAE6A36D288C8ED500D2578C /* LaunchScreen.storyboard in Resources */ = {isa = PBXBuildFile; fileRef = FAE6A36B288C8ED500D2578C /* LaunchScreen.storyboard */; };
		FAE6A378288C8ED600D2578C /* PulseTests.swift in Sources */ = {isa = PBXBuildFile; fileRef = FAE6A377288C8ED600D2578C /* PulseTests.swift */; };
		FAE6A382288C8ED600D2578C /* PulseUITests.swift in Sources */ = {isa = PBXBuildFile; fileRef = FAE6A381288C8ED600D2578C /* PulseUITests.swift */; };
		FAE6A384288C8ED600D2578C /* PulseUITestsLaunchTests.swift in Sources */ = {isa = PBXBuildFile; fileRef = FAE6A383288C8ED600D2578C /* PulseUITestsLaunchTests.swift */; };
		FAE6A391288C9D7A00D2578C /* SFPRODISPLAYBOLD.OTF in Resources */ = {isa = PBXBuildFile; fileRef = FAE6A390288C9D7A00D2578C /* SFPRODISPLAYBOLD.OTF */; };
		FAE6A393288D478B00D2578C /* SFPRODISPLAYMEDIUM.OTF in Resources */ = {isa = PBXBuildFile; fileRef = FAE6A392288D478B00D2578C /* SFPRODISPLAYMEDIUM.OTF */; };
/* End PBXBuildFile section */

/* Begin PBXContainerItemProxy section */
		FAE6A374288C8ED600D2578C /* PBXContainerItemProxy */ = {
			isa = PBXContainerItemProxy;
			containerPortal = FAE6A355288C8ED400D2578C /* Project object */;
			proxyType = 1;
			remoteGlobalIDString = FAE6A35C288C8ED400D2578C;
			remoteInfo = Pulse;
		};
		FAE6A37E288C8ED600D2578C /* PBXContainerItemProxy */ = {
			isa = PBXContainerItemProxy;
			containerPortal = FAE6A355288C8ED400D2578C /* Project object */;
			proxyType = 1;
			remoteGlobalIDString = FAE6A35C288C8ED400D2578C;
			remoteInfo = Pulse;
		};
/* End PBXContainerItemProxy section */

/* Begin PBXFileReference section */
		FAE6A35D288C8ED400D2578C /* Pulse.app */ = {isa = PBXFileReference; explicitFileType = wrapper.application; includeInIndex = 0; path = Pulse.app; sourceTree = BUILT_PRODUCTS_DIR; };
		FAE6A360288C8ED400D2578C /* AppDelegate.swift */ = {isa = PBXFileReference; lastKnownFileType = sourcecode.swift; path = AppDelegate.swift; sourceTree = "<group>"; };
		FAE6A362288C8ED400D2578C /* SceneDelegate.swift */ = {isa = PBXFileReference; lastKnownFileType = sourcecode.swift; path = SceneDelegate.swift; sourceTree = "<group>"; };
		FAE6A364288C8ED400D2578C /* ViewController.swift */ = {isa = PBXFileReference; lastKnownFileType = sourcecode.swift; path = ViewController.swift; sourceTree = "<group>"; };
		FAE6A367288C8ED400D2578C /* Base */ = {isa = PBXFileReference; lastKnownFileType = file.storyboard; name = Base; path = Base.lproj/Main.storyboard; sourceTree = "<group>"; };
		FAE6A369288C8ED500D2578C /* Assets.xcassets */ = {isa = PBXFileReference; lastKnownFileType = folder.assetcatalog; path = Assets.xcassets; sourceTree = "<group>"; };
		FAE6A36C288C8ED500D2578C /* Base */ = {isa = PBXFileReference; lastKnownFileType = file.storyboard; name = Base; path = Base.lproj/LaunchScreen.storyboard; sourceTree = "<group>"; };
		FAE6A36E288C8ED500D2578C /* Info.plist */ = {isa = PBXFileReference; lastKnownFileType = text.plist.xml; path = Info.plist; sourceTree = "<group>"; };
		FAE6A373288C8ED600D2578C /* PulseTests.xctest */ = {isa = PBXFileReference; explicitFileType = wrapper.cfbundle; includeInIndex = 0; path = PulseTests.xctest; sourceTree = BUILT_PRODUCTS_DIR; };
		FAE6A377288C8ED600D2578C /* PulseTests.swift */ = {isa = PBXFileReference; lastKnownFileType = sourcecode.swift; path = PulseTests.swift; sourceTree = "<group>"; };
		FAE6A37D288C8ED600D2578C /* PulseUITests.xctest */ = {isa = PBXFileReference; explicitFileType = wrapper.cfbundle; includeInIndex = 0; path = PulseUITests.xctest; sourceTree = BUILT_PRODUCTS_DIR; };
		FAE6A381288C8ED600D2578C /* PulseUITests.swift */ = {isa = PBXFileReference; lastKnownFileType = sourcecode.swift; path = PulseUITests.swift; sourceTree = "<group>"; };
		FAE6A383288C8ED600D2578C /* PulseUITestsLaunchTests.swift */ = {isa = PBXFileReference; lastKnownFileType = sourcecode.swift; path = PulseUITestsLaunchTests.swift; sourceTree = "<group>"; };
		FAE6A390288C9D7A00D2578C /* SFPRODISPLAYBOLD.OTF */ = {isa = PBXFileReference; lastKnownFileType = file; name = SFPRODISPLAYBOLD.OTF; path = "../../../../../Downloads/sf-pro-display-cufonfonts/SFPRODISPLAYBOLD.OTF"; sourceTree = "<group>"; };
		FAE6A392288D478B00D2578C /* SFPRODISPLAYMEDIUM.OTF */ = {isa = PBXFileReference; lastKnownFileType = file; name = SFPRODISPLAYMEDIUM.OTF; path = "../../../../../Downloads/sf-pro-display-cufonfonts/SFPRODISPLAYMEDIUM.OTF"; sourceTree = "<group>"; };
/* End PBXFileReference section */

/* Begin PBXFrameworksBuildPhase section */
		FAE6A35A288C8ED400D2578C /* Frameworks */ = {
			isa = PBXFrameworksBuildPhase;
			buildActionMask = 2147483647;
			files = (
			);
			runOnlyForDeploymentPostprocessing = 0;
		};
		FAE6A370288C8ED600D2578C /* Frameworks */ = {
			isa = PBXFrameworksBuildPhase;
			buildActionMask = 2147483647;
			files = (
			);
			runOnlyForDeploymentPostprocessing = 0;
		};
		FAE6A37A288C8ED600D2578C /* Frameworks */ = {
			isa = PBXFrameworksBuildPhase;
			buildActionMask = 2147483647;
			files = (
			);
			runOnlyForDeploymentPostprocessing = 0;
		};
/* End PBXFrameworksBuildPhase section */

/* Begin PBXGroup section */
		FAE6A354288C8ED400D2578C = {
			isa = PBXGroup;
			children = (
				FAE6A35F288C8ED400D2578C /* Pulse */,
				FAE6A376288C8ED600D2578C /* PulseTests */,
				FAE6A380288C8ED600D2578C /* PulseUITests */,
				FAE6A35E288C8ED400D2578C /* Products */,
			);
			sourceTree = "<group>";
		};
		FAE6A35E288C8ED400D2578C /* Products */ = {
			isa = PBXGroup;
			children = (
				FAE6A35D288C8ED400D2578C /* Pulse.app */,
				FAE6A373288C8ED600D2578C /* PulseTests.xctest */,
				FAE6A37D288C8ED600D2578C /* PulseUITests.xctest */,
			);
			name = Products;
			sourceTree = "<group>";
		};
		FAE6A35F288C8ED400D2578C /* Pulse */ = {
			isa = PBXGroup;
			children = (
				FAE6A360288C8ED400D2578C /* AppDelegate.swift */,
				FAE6A362288C8ED400D2578C /* SceneDelegate.swift */,
				FAE6A364288C8ED400D2578C /* ViewController.swift */,
				FAE6A366288C8ED400D2578C /* Main.storyboard */,
				FAE6A369288C8ED500D2578C /* Assets.xcassets */,
				FAE6A36B288C8ED500D2578C /* LaunchScreen.storyboard */,
				FAE6A390288C9D7A00D2578C /* SFPRODISPLAYBOLD.OTF */,
				FAE6A392288D478B00D2578C /* SFPRODISPLAYMEDIUM.OTF */,
				FAE6A36E288C8ED500D2578C /* Info.plist */,
			);
			path = Pulse;
			sourceTree = "<group>";
		};
		FAE6A376288C8ED600D2578C /* PulseTests */ = {
			isa = PBXGroup;
			children = (
				FAE6A377288C8ED600D2578C /* PulseTests.swift */,
			);
			path = PulseTests;
			sourceTree = "<group>";
		};
		FAE6A380288C8ED600D2578C /* PulseUITests */ = {
			isa = PBXGroup;
			children = (
				FAE6A381288C8ED600D2578C /* PulseUITests.swift */,
				FAE6A383288C8ED600D2578C /* PulseUITestsLaunchTests.swift */,
			);
			path = PulseUITests;
			sourceTree = "<group>";
		};
/* End PBXGroup section */

/* Begin PBXNativeTarget section */
		FAE6A35C288C8ED400D2578C /* Pulse */ = {
			isa = PBXNativeTarget;
			buildConfigurationList = FAE6A387288C8ED600D2578C /* Build configuration list for PBXNativeTarget "Pulse" */;
			buildPhases = (
				FAE6A359288C8ED400D2578C /* Sources */,
				FAE6A35A288C8ED400D2578C /* Frameworks */,
				FAE6A35B288C8ED400D2578C /* Resources */,
			);
			buildRules = (
			);
			dependencies = (
			);
			name = Pulse;
			productName = Pulse;
			productReference = FAE6A35D288C8ED400D2578C /* Pulse.app */;
			productType = "com.apple.product-type.application";
		};
		FAE6A372288C8ED600D2578C /* PulseTests */ = {
			isa = PBXNativeTarget;
			buildConfigurationList = FAE6A38A288C8ED600D2578C /* Build configuration list for PBXNativeTarget "PulseTests" */;
			buildPhases = (
				FAE6A36F288C8ED600D2578C /* Sources */,
				FAE6A370288C8ED600D2578C /* Frameworks */,
				FAE6A371288C8ED600D2578C /* Resources */,
			);
			buildRules = (
			);
			dependencies = (
				FAE6A375288C8ED600D2578C /* PBXTargetDependency */,
			);
			name = PulseTests;
			productName = PulseTests;
			productReference = FAE6A373288C8ED600D2578C /* PulseTests.xctest */;
			productType = "com.apple.product-type.bundle.unit-test";
		};
		FAE6A37C288C8ED600D2578C /* PulseUITests */ = {
			isa = PBXNativeTarget;
			buildConfigurationList = FAE6A38D288C8ED600D2578C /* Build configuration list for PBXNativeTarget "PulseUITests" */;
			buildPhases = (
				FAE6A379288C8ED600D2578C /* Sources */,
				FAE6A37A288C8ED600D2578C /* Frameworks */,
				FAE6A37B288C8ED600D2578C /* Resources */,
			);
			buildRules = (
			);
			dependencies = (
				FAE6A37F288C8ED600D2578C /* PBXTargetDependency */,
			);
			name = PulseUITests;
			productName = PulseUITests;
			productReference = FAE6A37D288C8ED600D2578C /* PulseUITests.xctest */;
			productType = "com.apple.product-type.bundle.ui-testing";
		};
/* End PBXNativeTarget section */

/* Begin PBXProject section */
		FAE6A355288C8ED400D2578C /* Project object */ = {
			isa = PBXProject;
			attributes = {
				BuildIndependentTargetsInParallel = 1;
				LastSwiftUpdateCheck = 1330;
				LastUpgradeCheck = 1330;
				TargetAttributes = {
					FAE6A35C288C8ED400D2578C = {
						CreatedOnToolsVersion = 13.3;
					};
					FAE6A372288C8ED600D2578C = {
						CreatedOnToolsVersion = 13.3;
						TestTargetID = FAE6A35C288C8ED400D2578C;
					};
					FAE6A37C288C8ED600D2578C = {
						CreatedOnToolsVersion = 13.3;
						TestTargetID = FAE6A35C288C8ED400D2578C;
					};
				};
			};
			buildConfigurationList = FAE6A358288C8ED400D2578C /* Build configuration list for PBXProject "Pulse" */;
			compatibilityVersion = "Xcode 13.0";
			developmentRegion = en;
			hasScannedForEncodings = 0;
			knownRegions = (
				en,
				Base,
			);
			mainGroup = FAE6A354288C8ED400D2578C;
			productRefGroup = FAE6A35E288C8ED400D2578C /* Products */;
			projectDirPath = "";
			projectRoot = "";
			targets = (
				FAE6A35C288C8ED400D2578C /* Pulse */,
				FAE6A372288C8ED600D2578C /* PulseTests */,
				FAE6A37C288C8ED600D2578C /* PulseUITests */,
			);
		};
/* End PBXProject section */

/* Begin PBXResourcesBuildPhase section */
		FAE6A35B288C8ED400D2578C /* Resources */ = {
			isa = PBXResourcesBuildPhase;
			buildActionMask = 2147483647;
			files = (
				FAE6A393288D478B00D2578C /* SFPRODISPLAYMEDIUM.OTF in Resources */,
				FAE6A391288C9D7A00D2578C /* SFPRODISPLAYBOLD.OTF in Resources */,
				FAE6A36D288C8ED500D2578C /* LaunchScreen.storyboard in Resources */,
				FAE6A36A288C8ED500D2578C /* Assets.xcassets in Resources */,
				FAE6A368288C8ED400D2578C /* Main.storyboard in Resources */,
			);
			runOnlyForDeploymentPostprocessing = 0;
		};
		FAE6A371288C8ED600D2578C /* Resources */ = {
			isa = PBXResourcesBuildPhase;
			buildActionMask = 2147483647;
			files = (
			);
			runOnlyForDeploymentPostprocessing = 0;
		};
		FAE6A37B288C8ED600D2578C /* Resources */ = {
			isa = PBXResourcesBuildPhase;
			buildActionMask = 2147483647;
			files = (
			);
			runOnlyForDeploymentPostprocessing = 0;
		};
/* End PBXResourcesBuildPhase section */

/* Begin PBXSourcesBuildPhase section */
		FAE6A359288C8ED400D2578C /* Sources */ = {
			isa = PBXSourcesBuildPhase;
			buildActionMask = 2147483647;
			files = (
				FAE6A365288C8ED400D2578C /* ViewController.swift in Sources */,
				FAE6A361288C8ED400D2578C /* AppDelegate.swift in Sources */,
				FAE6A363288C8ED400D2578C /* SceneDelegate.swift in Sources */,
			);
			runOnlyForDeploymentPostprocessing = 0;
		};
		FAE6A36F288C8ED600D2578C /* Sources */ = {
			isa = PBXSourcesBuildPhase;
			buildActionMask = 2147483647;
			files = (
				FAE6A378288C8ED600D2578C /* PulseTests.swift in Sources */,
			);
			runOnlyForDeploymentPostprocessing = 0;
		};
		FAE6A379288C8ED600D2578C /* Sources */ = {
			isa = PBXSourcesBuildPhase;
			buildActionMask = 2147483647;
			files = (
				FAE6A384288C8ED600D2578C /* PulseUITestsLaunchTests.swift in Sources */,
				FAE6A382288C8ED600D2578C /* PulseUITests.swift in Sources */,
			);
			runOnlyForDeploymentPostprocessing = 0;
		};
/* End PBXSourcesBuildPhase section */

/* Begin PBXTargetDependency section */
		FAE6A375288C8ED600D2578C /* PBXTargetDependency */ = {
			isa = PBXTargetDependency;
			target = FAE6A35C288C8ED400D2578C /* Pulse */;
			targetProxy = FAE6A374288C8ED600D2578C /* PBXContainerItemProxy */;
		};
		FAE6A37F288C8ED600D2578C /* PBXTargetDependency */ = {
			isa = PBXTargetDependency;
			target = FAE6A35C288C8ED400D2578C /* Pulse */;
			targetProxy = FAE6A37E288C8ED600D2578C /* PBXContainerItemProxy */;
		};
/* End PBXTargetDependency section */

/* Begin PBXVariantGroup section */
		FAE6A366288C8ED400D2578C /* Main.storyboard */ = {
			isa = PBXVariantGroup;
			children = (
				FAE6A367288C8ED400D2578C /* Base */,
			);
			name = Main.storyboard;
			sourceTree = "<group>";
		};
		FAE6A36B288C8ED500D2578C /* LaunchScreen.storyboard */ = {
			isa = PBXVariantGroup;
			children = (
				FAE6A36C288C8ED500D2578C /* Base */,
			);
			name = LaunchScreen.storyboard;
			sourceTree = "<group>";
		};
/* End PBXVariantGroup section */

/* Begin XCBuildConfiguration section */
		FAE6A385288C8ED600D2578C /* Debug */ = {
			isa = XCBuildConfiguration;
			buildSettings = {
				ALWAYS_SEARCH_USER_PATHS = NO;
				CLANG_ANALYZER_NONNULL = YES;
				CLANG_ANALYZER_NUMBER_OBJECT_CONVERSION = YES_AGGRESSIVE;
				CLANG_CXX_LANGUAGE_STANDARD = "gnu++17";
				CLANG_ENABLE_MODULES = YES;
				CLANG_ENABLE_OBJC_ARC = YES;
				CLANG_ENABLE_OBJC_WEAK = YES;
				CLANG_WARN_BLOCK_CAPTURE_AUTORELEASING = YES;
				CLANG_WARN_BOOL_CONVERSION = YES;
				CLANG_WARN_COMMA = YES;
				CLANG_WARN_CONSTANT_CONVERSION = YES;
				CLANG_WARN_DEPRECATED_OBJC_IMPLEMENTATIONS = YES;
				CLANG_WARN_DIRECT_OBJC_ISA_USAGE = YES_ERROR;
				CLANG_WARN_DOCUMENTATION_COMMENTS = YES;
				CLANG_WARN_EMPTY_BODY = YES;
				CLANG_WARN_ENUM_CONVERSION = YES;
				CLANG_WARN_INFINITE_RECURSION = YES;
				CLANG_WARN_INT_CONVERSION = YES;
				CLANG_WARN_NON_LITERAL_NULL_CONVERSION = YES;
				CLANG_WARN_OBJC_IMPLICIT_RETAIN_SELF = YES;
				CLANG_WARN_OBJC_LITERAL_CONVERSION = YES;
				CLANG_WARN_OBJC_ROOT_CLASS = YES_ERROR;
				CLANG_WARN_QUOTED_INCLUDE_IN_FRAMEWORK_HEADER = YES;
				CLANG_WARN_RANGE_LOOP_ANALYSIS = YES;
				CLANG_WARN_STRICT_PROTOTYPES = YES;
				CLANG_WARN_SUSPICIOUS_MOVE = YES;
				CLANG_WARN_UNGUARDED_AVAILABILITY = YES_AGGRESSIVE;
				CLANG_WARN_UNREACHABLE_CODE = YES;
				CLANG_WARN__DUPLICATE_METHOD_MATCH = YES;
				COPY_PHASE_STRIP = NO;
				DEBUG_INFORMATION_FORMAT = dwarf;
				ENABLE_STRICT_OBJC_MSGSEND = YES;
				ENABLE_TESTABILITY = YES;
				GCC_C_LANGUAGE_STANDARD = gnu11;
				GCC_DYNAMIC_NO_PIC = NO;
				GCC_NO_COMMON_BLOCKS = YES;
				GCC_OPTIMIZATION_LEVEL = 0;
				GCC_PREPROCESSOR_DEFINITIONS = (
					"DEBUG=1",
					"$(inherited)",
				);
				GCC_WARN_64_TO_32_BIT_CONVERSION = YES;
				GCC_WARN_ABOUT_RETURN_TYPE = YES_ERROR;
				GCC_WARN_UNDECLARED_SELECTOR = YES;
				GCC_WARN_UNINITIALIZED_AUTOS = YES_AGGRESSIVE;
				GCC_WARN_UNUSED_FUNCTION = YES;
				GCC_WARN_UNUSED_VARIABLE = YES;
				IPHONEOS_DEPLOYMENT_TARGET = 15.4;
				MTL_ENABLE_DEBUG_INFO = INCLUDE_SOURCE;
				MTL_FAST_MATH = YES;
				ONLY_ACTIVE_ARCH = YES;
				SDKROOT = iphoneos;
				SWIFT_ACTIVE_COMPILATION_CONDITIONS = DEBUG;
				SWIFT_OPTIMIZATION_LEVEL = "-Onone";
			};
			name = Debug;
		};
		FAE6A386288C8ED600D2578C /* Release */ = {
			isa = XCBuildConfiguration;
			buildSettings = {
				ALWAYS_SEARCH_USER_PATHS = NO;
				CLANG_ANALYZER_NONNULL = YES;
				CLANG_ANALYZER_NUMBER_OBJECT_CONVERSION = YES_AGGRESSIVE;
				CLANG_CXX_LANGUAGE_STANDARD = "gnu++17";
				CLANG_ENABLE_MODULES = YES;
				CLANG_ENABLE_OBJC_ARC = YES;
				CLANG_ENABLE_OBJC_WEAK = YES;
				CLANG_WARN_BLOCK_CAPTURE_AUTORELEASING = YES;
				CLANG_WARN_BOOL_CONVERSION = YES;
				CLANG_WARN_COMMA = YES;
				CLANG_WARN_CONSTANT_CONVERSION = YES;
				CLANG_WARN_DEPRECATED_OBJC_IMPLEMENTATIONS = YES;
				CLANG_WARN_DIRECT_OBJC_ISA_USAGE = YES_ERROR;
				CLANG_WARN_DOCUMENTATION_COMMENTS = YES;
				CLANG_WARN_EMPTY_BODY = YES;
				CLANG_WARN_ENUM_CONVERSION = YES;
				CLANG_WARN_INFINITE_RECURSION = YES;
				CLANG_WARN_INT_CONVERSION = YES;
				CLANG_WARN_NON_LITERAL_NULL_CONVERSION = YES;
				CLANG_WARN_OBJC_IMPLICIT_RETAIN_SELF = YES;
				CLANG_WARN_OBJC_LITERAL_CONVERSION = YES;
				CLANG_WARN_OBJC_ROOT_CLASS = YES_ERROR;
				CLANG_WARN_QUOTED_INCLUDE_IN_FRAMEWORK_HEADER = YES;
				CLANG_WARN_RANGE_LOOP_ANALYSIS = YES;
				CLANG_WARN_STRICT_PROTOTYPES = YES;
				CLANG_WARN_SUSPICIOUS_MOVE = YES;
				CLANG_WARN_UNGUARDED_AVAILABILITY = YES_AGGRESSIVE;
				CLANG_WARN_UNREACHABLE_CODE = YES;
				CLANG_WARN__DUPLICATE_METHOD_MATCH = YES;
				COPY_PHASE_STRIP = NO;
				DEBUG_INFORMATION_FORMAT = "dwarf-with-dsym";
				ENABLE_NS_ASSERTIONS = NO;
				ENABLE_STRICT_OBJC_MSGSEND = YES;
				GCC_C_LANGUAGE_STANDARD = gnu11;
				GCC_NO_COMMON_BLOCKS = YES;
				GCC_WARN_64_TO_32_BIT_CONVERSION = YES;
				GCC_WARN_ABOUT_RETURN_TYPE = YES_ERROR;
				GCC_WARN_UNDECLARED_SELECTOR = YES;
				GCC_WARN_UNINITIALIZED_AUTOS = YES_AGGRESSIVE;
				GCC_WARN_UNUSED_FUNCTION = YES;
				GCC_WARN_UNUSED_VARIABLE = YES;
				IPHONEOS_DEPLOYMENT_TARGET = 15.4;
				MTL_ENABLE_DEBUG_INFO = NO;
				MTL_FAST_MATH = YES;
				SDKROOT = iphoneos;
				SWIFT_COMPILATION_MODE = wholemodule;
				SWIFT_OPTIMIZATION_LEVEL = "-O";
				VALIDATE_PRODUCT = YES;
			};
			name = Release;
		};
		FAE6A388288C8ED600D2578C /* Debug */ = {
			isa = XCBuildConfiguration;
			buildSettings = {
				ASSETCATALOG_COMPILER_APPICON_NAME = AppIcon;
				ASSETCATALOG_COMPILER_GLOBAL_ACCENT_COLOR_NAME = AccentColor;
				CODE_SIGN_STYLE = Automatic;
				CURRENT_PROJECT_VERSION = 1;
				GENERATE_INFOPLIST_FILE = YES;
				INFOPLIST_FILE = Pulse/Info.plist;
				INFOPLIST_KEY_UIApplicationSupportsIndirectInputEvents = YES;
				INFOPLIST_KEY_UILaunchStoryboardName = LaunchScreen;
				INFOPLIST_KEY_UIMainStoryboardFile = Main;
				INFOPLIST_KEY_UISupportedInterfaceOrientations_iPad = "UIInterfaceOrientationPortrait UIInterfaceOrientationPortraitUpsideDown UIInterfaceOrientationLandscapeLeft UIInterfaceOrientationLandscapeRight";
				INFOPLIST_KEY_UISupportedInterfaceOrientations_iPhone = "UIInterfaceOrientationPortrait UIInterfaceOrientationLandscapeLeft UIInterfaceOrientationLandscapeRight";
				LD_RUNPATH_SEARCH_PATHS = (
					"$(inherited)",
					"@executable_path/Frameworks",
				);
				MARKETING_VERSION = 1.0;
				PRODUCT_BUNDLE_IDENTIFIER = z.Pulse;
				PRODUCT_NAME = "$(TARGET_NAME)";
				SWIFT_EMIT_LOC_STRINGS = YES;
				SWIFT_VERSION = 5.0;
				TARGETED_DEVICE_FAMILY = "1,2";
			};
			name = Debug;
		};
		FAE6A389288C8ED600D2578C /* Release */ = {
			isa = XCBuildConfiguration;
			buildSettings = {
				ASSETCATALOG_COMPILER_APPICON_NAME = AppIcon;
				ASSETCATALOG_COMPILER_GLOBAL_ACCENT_COLOR_NAME = AccentColor;
				CODE_SIGN_STYLE = Automatic;
				CURRENT_PROJECT_VERSION = 1;
				GENERATE_INFOPLIST_FILE = YES;
				INFOPLIST_FILE = Pulse/Info.plist;
				INFOPLIST_KEY_UIApplicationSupportsIndirectInputEvents = YES;
				INFOPLIST_KEY_UILaunchStoryboardName = LaunchScreen;
				INFOPLIST_KEY_UIMainStoryboardFile = Main;
				INFOPLIST_KEY_UISupportedInterfaceOrientations_iPad = "UIInterfaceOrientationPortrait UIInterfaceOrientationPortraitUpsideDown UIInterfaceOrientationLandscapeLeft UIInterfaceOrientationLandscapeRight";
				INFOPLIST_KEY_UISupportedInterfaceOrientations_iPhone = "UIInterfaceOrientationPortrait UIInterfaceOrientationLandscapeLeft UIInterfaceOrientationLandscapeRight";
				LD_RUNPATH_SEARCH_PATHS = (
					"$(inherited)",
					"@executable_path/Frameworks",
				);
				MARKETING_VERSION = 1.0;
				PRODUCT_BUNDLE_IDENTIFIER = z.Pulse;
				PRODUCT_NAME = "$(TARGET_NAME)";
				SWIFT_EMIT_LOC_STRINGS = YES;
				SWIFT_VERSION = 5.0;
				TARGETED_DEVICE_FAMILY = "1,2";
			};
			name = Release;
		};
		FAE6A38B288C8ED600D2578C /* Debug */ = {
			isa = XCBuildConfiguration;
			buildSettings = {
				ALWAYS_EMBED_SWIFT_STANDARD_LIBRARIES = YES;
				BUNDLE_LOADER = "$(TEST_HOST)";
				CODE_SIGN_STYLE = Automatic;
				CURRENT_PROJECT_VERSION = 1;
				GENERATE_INFOPLIST_FILE = YES;
				IPHONEOS_DEPLOYMENT_TARGET = 15.4;
				MARKETING_VERSION = 1.0;
				PRODUCT_BUNDLE_IDENTIFIER = z.PulseTests;
				PRODUCT_NAME = "$(TARGET_NAME)";
				SWIFT_EMIT_LOC_STRINGS = NO;
				SWIFT_VERSION = 5.0;
				TARGETED_DEVICE_FAMILY = "1,2";
				TEST_HOST = "$(BUILT_PRODUCTS_DIR)/Pulse.app/Pulse";
			};
			name = Debug;
		};
		FAE6A38C288C8ED600D2578C /* Release */ = {
			isa = XCBuildConfiguration;
			buildSettings = {
				ALWAYS_EMBED_SWIFT_STANDARD_LIBRARIES = YES;
				BUNDLE_LOADER = "$(TEST_HOST)";
				CODE_SIGN_STYLE = Automatic;
				CURRENT_PROJECT_VERSION = 1;
				GENERATE_INFOPLIST_FILE = YES;
				IPHONEOS_DEPLOYMENT_TARGET = 15.4;
				MARKETING_VERSION = 1.0;
				PRODUCT_BUNDLE_IDENTIFIER = z.PulseTests;
				PRODUCT_NAME = "$(TARGET_NAME)";
				SWIFT_EMIT_LOC_STRINGS = NO;
				SWIFT_VERSION = 5.0;
				TARGETED_DEVICE_FAMILY = "1,2";
				TEST_HOST = "$(BUILT_PRODUCTS_DIR)/Pulse.app/Pulse";
			};
			name = Release;
		};
		FAE6A38E288C8ED600D2578C /* Debug */ = {
			isa = XCBuildConfiguration;
			buildSettings = {
				ALWAYS_EMBED_SWIFT_STANDARD_LIBRARIES = YES;
				CODE_SIGN_STYLE = Automatic;
				CURRENT_PROJECT_VERSION = 1;
				GENERATE_INFOPLIST_FILE = YES;
				MARKETING_VERSION = 1.0;
				PRODUCT_BUNDLE_IDENTIFIER = z.PulseUITests;
				PRODUCT_NAME = "$(TARGET_NAME)";
				SWIFT_EMIT_LOC_STRINGS = NO;
				SWIFT_VERSION = 5.0;
				TARGETED_DEVICE_FAMILY = "1,2";
				TEST_TARGET_NAME = Pulse;
			};
			name = Debug;
		};
		FAE6A38F288C8ED600D2578C /* Release */ = {
			isa = XCBuildConfiguration;
			buildSettings = {
				ALWAYS_EMBED_SWIFT_STANDARD_LIBRARIES = YES;
				CODE_SIGN_STYLE = Automatic;
				CURRENT_PROJECT_VERSION = 1;
				GENERATE_INFOPLIST_FILE = YES;
				MARKETING_VERSION = 1.0;
				PRODUCT_BUNDLE_IDENTIFIER = z.PulseUITests;
				PRODUCT_NAME = "$(TARGET_NAME)";
				SWIFT_EMIT_LOC_STRINGS = NO;
				SWIFT_VERSION = 5.0;
				TARGETED_DEVICE_FAMILY = "1,2";
				TEST_TARGET_NAME = Pulse;
			};
			name = Release;
		};
/* End XCBuildConfiguration section */

/* Begin XCConfigurationList section */
		FAE6A358288C8ED400D2578C /* Build configuration list for PBXProject "Pulse" */ = {
			isa = XCConfigurationList;
			buildConfigurations = (
				FAE6A385288C8ED600D2578C /* Debug */,
				FAE6A386288C8ED600D2578C /* Release */,
			);
			defaultConfigurationIsVisible = 0;
			defaultConfigurationName = Release;
		};
		FAE6A387288C8ED600D2578C /* Build configuration list for PBXNativeTarget "Pulse" */ = {
			isa = XCConfigurationList;
			buildConfigurations = (
				FAE6A388288C8ED600D2578C /* Debug */,
				FAE6A389288C8ED600D2578C /* Release */,
			);
			defaultConfigurationIsVisible = 0;
			defaultConfigurationName = Release;
		};
		FAE6A38A288C8ED600D2578C /* Build configuration list for PBXNativeTarget "PulseTests" */ = {
			isa = XCConfigurationList;
			buildConfigurations = (
				FAE6A38B288C8ED600D2578C /* Debug */,
				FAE6A38C288C8ED600D2578C /* Release */,
			);
			defaultConfigurationIsVisible = 0;
			defaultConfigurationName = Release;
		};
		FAE6A38D288C8ED600D2578C /* Build configuration list for PBXNativeTarget "PulseUITests" */ = {
			isa = XCConfigurationList;
			buildConfigurations = (
				FAE6A38E288C8ED600D2578C /* Debug */,
				FAE6A38F288C8ED600D2578C /* Release */,
			);
			defaultConfigurationIsVisible = 0;
			defaultConfigurationName = Release;
		};
/* End XCConfigurationList section */
	};
	rootObject = FAE6A355288C8ED400D2578C /* Project object */;
}
